
Microsoft Visual Studio Solution File, Format Version 12.00
# Visual Studio Version 17
VisualStudioVersion = 17.11.35303.130
MinimumVisualStudioVersion = 10.0.40219.1
Project("{D954291E-2A0B-460D-934E-DC6B0785DB48}") = "Helper", "src\Helper.shproj", "{086C0F73-4175-4BE3-A39D-2701273FADC9}"
EndProject
Global
	GlobalSection(SolutionProperties) = preSolution
		HideSolutionNode = FALSE
	EndGlobalSection
	GlobalSection(ExtensibilityGlobals) = postSolution
		SolutionGuid = {797D6C15-9D9B-4D1C-B92C-6E16FED59C8D}
	EndGlobalSection
	GlobalSection(SharedMSBuildProjectFiles) = preSolution
		src\Helper.projitems*{086c0f73-4175-4be3-a39d-2701273fadc9}*SharedItemsImports = 13
	EndGlobalSection
EndGlobal
